// !$*UTF8*$!
{
	archiveVersion = 1;
	classes = {
	};
	objectVersion = 56;
	objects = {

/* Begin PBXBuildFile section */
		1A44053D29B157C100E0F1CE /* open_newsApp.swift in Sources */ = {isa = PBXBuildFile; fileRef = 1A44053C29B157C100E0F1CE /* open_newsApp.swift */; };
		1A44053F29B157C100E0F1CE /* ContentView.swift in Sources */ = {isa = PBXBuildFile; fileRef = 1A44053E29B157C100E0F1CE /* ContentView.swift */; };
		1A44054129B157C300E0F1CE /* Assets.xcassets in Resources */ = {isa = PBXBuildFile; fileRef = 1A44054029B157C300E0F1CE /* Assets.xcassets */; };
		1A44054429B157C300E0F1CE /* Preview Assets.xcassets in Resources */ = {isa = PBXBuildFile; fileRef = 1A44054329B157C300E0F1CE /* Preview Assets.xcassets */; };
		1A44054F29B158FE00E0F1CE /* TopHeadlinesLoader.swift in Sources */ = {isa = PBXBuildFile; fileRef = 1A44054E29B158FE00E0F1CE /* TopHeadlinesLoader.swift */; };
		1A44055329B1593900E0F1CE /* SearchableHeadlinesLoader.swift in Sources */ = {isa = PBXBuildFile; fileRef = 1A44055229B1593900E0F1CE /* SearchableHeadlinesLoader.swift */; };
		1A44055729B159C600E0F1CE /* APIClient.swift in Sources */ = {isa = PBXBuildFile; fileRef = 1A44055629B159C600E0F1CE /* APIClient.swift */; };
		1A44055929B159D100E0F1CE /* APIError.swift in Sources */ = {isa = PBXBuildFile; fileRef = 1A44055829B159D100E0F1CE /* APIError.swift */; };
		1A44056329B15C7900E0F1CE /* NewsAPIClient.swift in Sources */ = {isa = PBXBuildFile; fileRef = 1A44056229B15C7900E0F1CE /* NewsAPIClient.swift */; };
		1A44056929B168AE00E0F1CE /* NewsAPIEndpoint.swift in Sources */ = {isa = PBXBuildFile; fileRef = 1A44056829B168AE00E0F1CE /* NewsAPIEndpoint.swift */; };
		1A44056B29B6888E00E0F1CE /* News.swift in Sources */ = {isa = PBXBuildFile; fileRef = 1A44056A29B6888E00E0F1CE /* News.swift */; };
		1A44057029B6C48F00E0F1CE /* TopHeadlinesView.swift in Sources */ = {isa = PBXBuildFile; fileRef = 1A44056F29B6C48F00E0F1CE /* TopHeadlinesView.swift */; };
		1A44057229B7FB5000E0F1CE /* TabView.swift in Sources */ = {isa = PBXBuildFile; fileRef = 1A44057129B7FB5000E0F1CE /* TabView.swift */; };
		1AD1231A29B942250027CC59 /* SearchableHeadlinesView.swift in Sources */ = {isa = PBXBuildFile; fileRef = 1AD1231929B942240027CC59 /* SearchableHeadlinesView.swift */; };
/* End PBXBuildFile section */

/* Begin PBXFileReference section */
		1A44053929B157C100E0F1CE /* open-news.app */ = {isa = PBXFileReference; explicitFileType = wrapper.application; includeInIndex = 0; path = "open-news.app"; sourceTree = BUILT_PRODUCTS_DIR; };
		1A44053C29B157C100E0F1CE /* open_newsApp.swift */ = {isa = PBXFileReference; lastKnownFileType = sourcecode.swift; path = open_newsApp.swift; sourceTree = "<group>"; };
		1A44053E29B157C100E0F1CE /* ContentView.swift */ = {isa = PBXFileReference; lastKnownFileType = sourcecode.swift; path = ContentView.swift; sourceTree = "<group>"; };
		1A44054029B157C300E0F1CE /* Assets.xcassets */ = {isa = PBXFileReference; lastKnownFileType = folder.assetcatalog; path = Assets.xcassets; sourceTree = "<group>"; };
		1A44054329B157C300E0F1CE /* Preview Assets.xcassets */ = {isa = PBXFileReference; lastKnownFileType = folder.assetcatalog; path = "Preview Assets.xcassets"; sourceTree = "<group>"; };
		1A44054E29B158FE00E0F1CE /* TopHeadlinesLoader.swift */ = {isa = PBXFileReference; lastKnownFileType = sourcecode.swift; path = TopHeadlinesLoader.swift; sourceTree = "<group>"; };
		1A44055229B1593900E0F1CE /* SearchableHeadlinesLoader.swift */ = {isa = PBXFileReference; lastKnownFileType = sourcecode.swift; path = SearchableHeadlinesLoader.swift; sourceTree = "<group>"; };
		1A44055629B159C600E0F1CE /* APIClient.swift */ = {isa = PBXFileReference; lastKnownFileType = sourcecode.swift; path = APIClient.swift; sourceTree = "<group>"; };
		1A44055829B159D100E0F1CE /* APIError.swift */ = {isa = PBXFileReference; lastKnownFileType = sourcecode.swift; path = APIError.swift; sourceTree = "<group>"; };
		1A44056229B15C7900E0F1CE /* NewsAPIClient.swift */ = {isa = PBXFileReference; lastKnownFileType = sourcecode.swift; path = NewsAPIClient.swift; sourceTree = "<group>"; };
		1A44056829B168AE00E0F1CE /* NewsAPIEndpoint.swift */ = {isa = PBXFileReference; lastKnownFileType = sourcecode.swift; path = NewsAPIEndpoint.swift; sourceTree = "<group>"; };
		1A44056A29B6888E00E0F1CE /* News.swift */ = {isa = PBXFileReference; lastKnownFileType = sourcecode.swift; path = News.swift; sourceTree = "<group>"; };
		1A44056F29B6C48F00E0F1CE /* TopHeadlinesView.swift */ = {isa = PBXFileReference; lastKnownFileType = sourcecode.swift; path = TopHeadlinesView.swift; sourceTree = "<group>"; };
		1A44057129B7FB5000E0F1CE /* TabView.swift */ = {isa = PBXFileReference; lastKnownFileType = sourcecode.swift; path = TabView.swift; sourceTree = "<group>"; };
		1AD1231929B942240027CC59 /* SearchableHeadlinesView.swift */ = {isa = PBXFileReference; lastKnownFileType = sourcecode.swift; path = SearchableHeadlinesView.swift; sourceTree = "<group>"; };
/* End PBXFileReference section */

/* Begin PBXFrameworksBuildPhase section */
		1A44053629B157C100E0F1CE /* Frameworks */ = {
			isa = PBXFrameworksBuildPhase;
			buildActionMask = 2147483647;
			files = (
			);
			runOnlyForDeploymentPostprocessing = 0;
		};
/* End PBXFrameworksBuildPhase section */

/* Begin PBXGroup section */
		1A44053029B157C100E0F1CE = {
			isa = PBXGroup;
			children = (
				1A44053B29B157C100E0F1CE /* open-news */,
				1A44053A29B157C100E0F1CE /* Products */,
			);
			sourceTree = "<group>";
		};
		1A44053A29B157C100E0F1CE /* Products */ = {
			isa = PBXGroup;
			children = (
				1A44053929B157C100E0F1CE /* open-news.app */,
			);
			name = Products;
			sourceTree = "<group>";
		};
		1A44053B29B157C100E0F1CE /* open-news */ = {
			isa = PBXGroup;
			children = (
				1A44057329B8050D00E0F1CE /* Features */,
				1A44056C29B6C3A600E0F1CE /* Views */,
				1A44055429B159AE00E0F1CE /* API */,
				1A44054D29B158DF00E0F1CE /* Services */,
				1A44054A29B157CD00E0F1CE /* Models */,
				1A44053C29B157C100E0F1CE /* open_newsApp.swift */,
				1A44053E29B157C100E0F1CE /* ContentView.swift */,
				1A44054029B157C300E0F1CE /* Assets.xcassets */,
				1A44054229B157C300E0F1CE /* Preview Content */,
			);
			path = "open-news";
			sourceTree = "<group>";
		};
		1A44054229B157C300E0F1CE /* Preview Content */ = {
			isa = PBXGroup;
			children = (
				1A44054329B157C300E0F1CE /* Preview Assets.xcassets */,
			);
			path = "Preview Content";
			sourceTree = "<group>";
		};
		1A44054A29B157CD00E0F1CE /* Models */ = {
			isa = PBXGroup;
			children = (
				1A44056A29B6888E00E0F1CE /* News.swift */,
			);
			path = Models;
			sourceTree = "<group>";
		};
		1A44054D29B158DF00E0F1CE /* Services */ = {
			isa = PBXGroup;
			children = (
				1A44054E29B158FE00E0F1CE /* TopHeadlinesLoader.swift */,
				1A44055229B1593900E0F1CE /* SearchableHeadlinesLoader.swift */,
			);
			path = Services;
			sourceTree = "<group>";
		};
		1A44055429B159AE00E0F1CE /* API */ = {
			isa = PBXGroup;
			children = (
				1A44055529B159B500E0F1CE /* API Client */,
				1A44056229B15C7900E0F1CE /* NewsAPIClient.swift */,
				1A44056829B168AE00E0F1CE /* NewsAPIEndpoint.swift */,
			);
			path = API;
			sourceTree = "<group>";
		};
		1A44055529B159B500E0F1CE /* API Client */ = {
			isa = PBXGroup;
			children = (
				1A44055629B159C600E0F1CE /* APIClient.swift */,
				1A44055829B159D100E0F1CE /* APIError.swift */,
			);
			path = "API Client";
			sourceTree = "<group>";
		};
		1A44056C29B6C3A600E0F1CE /* Views */ = {
			isa = PBXGroup;
			children = (
				1A44056F29B6C48F00E0F1CE /* TopHeadlinesView.swift */,
				1AD1231929B942240027CC59 /* SearchableHeadlinesView.swift */,
				1A44057129B7FB5000E0F1CE /* TabView.swift */,
			);
			path = Views;
			sourceTree = "<group>";
		};
		1A44057329B8050D00E0F1CE /* Features */ = {
			isa = PBXGroup;
			children = (
			);
			path = Features;
			sourceTree = "<group>";
		};
/* End PBXGroup section */

/* Begin PBXNativeTarget section */
		1A44053829B157C100E0F1CE /* open-news */ = {
			isa = PBXNativeTarget;
			buildConfigurationList = 1A44054729B157C300E0F1CE /* Build configuration list for PBXNativeTarget "open-news" */;
			buildPhases = (
				1A44053529B157C100E0F1CE /* Sources */,
				1A44053629B157C100E0F1CE /* Frameworks */,
				1A44053729B157C100E0F1CE /* Resources */,
			);
			buildRules = (
			);
			dependencies = (
			);
			name = "open-news";
			productName = "open-news";
			productReference = 1A44053929B157C100E0F1CE /* open-news.app */;
			productType = "com.apple.product-type.application";
		};
/* End PBXNativeTarget section */

/* Begin PBXProject section */
		1A44053129B157C100E0F1CE /* Project object */ = {
			isa = PBXProject;
			attributes = {
				BuildIndependentTargetsInParallel = 1;
				LastSwiftUpdateCheck = 1420;
				LastUpgradeCheck = 1420;
				TargetAttributes = {
					1A44053829B157C100E0F1CE = {
						CreatedOnToolsVersion = 14.2;
					};
				};
			};
			buildConfigurationList = 1A44053429B157C100E0F1CE /* Build configuration list for PBXProject "open-news" */;
			compatibilityVersion = "Xcode 14.0";
			developmentRegion = en;
			hasScannedForEncodings = 0;
			knownRegions = (
				en,
				Base,
			);
			mainGroup = 1A44053029B157C100E0F1CE;
			productRefGroup = 1A44053A29B157C100E0F1CE /* Products */;
			projectDirPath = "";
			projectRoot = "";
			targets = (
				1A44053829B157C100E0F1CE /* open-news */,
			);
		};
/* End PBXProject section */

/* Begin PBXResourcesBuildPhase section */
		1A44053729B157C100E0F1CE /* Resources */ = {
			isa = PBXResourcesBuildPhase;
			buildActionMask = 2147483647;
			files = (
				1A44054429B157C300E0F1CE /* Preview Assets.xcassets in Resources */,
				1A44054129B157C300E0F1CE /* Assets.xcassets in Resources */,
			);
			runOnlyForDeploymentPostprocessing = 0;
		};
/* End PBXResourcesBuildPhase section */

/* Begin PBXSourcesBuildPhase section */
		1A44053529B157C100E0F1CE /* Sources */ = {
			isa = PBXSourcesBuildPhase;
			buildActionMask = 2147483647;
			files = (
				1A44057229B7FB5000E0F1CE /* TabView.swift in Sources */,
				1A44053F29B157C100E0F1CE /* ContentView.swift in Sources */,
				1AD1231A29B942250027CC59 /* SearchableHeadlinesView.swift in Sources */,
				1A44055329B1593900E0F1CE /* SearchableHeadlinesLoader.swift in Sources */,
				1A44057029B6C48F00E0F1CE /* TopHeadlinesView.swift in Sources */,
				1A44054F29B158FE00E0F1CE /* TopHeadlinesLoader.swift in Sources */,
				1A44056929B168AE00E0F1CE /* NewsAPIEndpoint.swift in Sources */,
				1A44056B29B6888E00E0F1CE /* News.swift in Sources */,
				1A44053D29B157C100E0F1CE /* open_newsApp.swift in Sources */,
				1A44056329B15C7900E0F1CE /* NewsAPIClient.swift in Sources */,
				1A44055729B159C600E0F1CE /* APIClient.swift in Sources */,
				1A44055929B159D100E0F1CE /* APIError.swift in Sources */,
			);
			runOnlyForDeploymentPostprocessing = 0;
		};
/* End PBXSourcesBuildPhase section */

/* Begin XCBuildConfiguration section */
		1A44054529B157C300E0F1CE /* Debug */ = {
			isa = XCBuildConfiguration;
			buildSettings = {
				ALWAYS_SEARCH_USER_PATHS = NO;
				CLANG_ANALYZER_NONNULL = YES;
				CLANG_ANALYZER_NUMBER_OBJECT_CONVERSION = YES_AGGRESSIVE;
				CLANG_CXX_LANGUAGE_STANDARD = "gnu++20";
				CLANG_ENABLE_MODULES = YES;
				CLANG_ENABLE_OBJC_ARC = YES;
				CLANG_ENABLE_OBJC_WEAK = YES;
				CLANG_WARN_BLOCK_CAPTURE_AUTORELEASING = YES;
				CLANG_WARN_BOOL_CONVERSION = YES;
				CLANG_WARN_COMMA = YES;
				CLANG_WARN_CONSTANT_CONVERSION = YES;
				CLANG_WARN_DEPRECATED_OBJC_IMPLEMENTATIONS = YES;
				CLANG_WARN_DIRECT_OBJC_ISA_USAGE = YES_ERROR;
				CLANG_WARN_DOCUMENTATION_COMMENTS = YES;
				CLANG_WARN_EMPTY_BODY = YES;
				CLANG_WARN_ENUM_CONVERSION = YES;
				CLANG_WARN_INFINITE_RECURSION = YES;
				CLANG_WARN_INT_CONVERSION = YES;
				CLANG_WARN_NON_LITERAL_NULL_CONVERSION = YES;
				CLANG_WARN_OBJC_IMPLICIT_RETAIN_SELF = YES;
				CLANG_WARN_OBJC_LITERAL_CONVERSION = YES;
				CLANG_WARN_OBJC_ROOT_CLASS = YES_ERROR;
				CLANG_WARN_QUOTED_INCLUDE_IN_FRAMEWORK_HEADER = YES;
				CLANG_WARN_RANGE_LOOP_ANALYSIS = YES;
				CLANG_WARN_STRICT_PROTOTYPES = YES;
				CLANG_WARN_SUSPICIOUS_MOVE = YES;
				CLANG_WARN_UNGUARDED_AVAILABILITY = YES_AGGRESSIVE;
				CLANG_WARN_UNREACHABLE_CODE = YES;
				CLANG_WARN__DUPLICATE_METHOD_MATCH = YES;
				COPY_PHASE_STRIP = NO;
				DEBUG_INFORMATION_FORMAT = dwarf;
				ENABLE_STRICT_OBJC_MSGSEND = YES;
				ENABLE_TESTABILITY = YES;
				GCC_C_LANGUAGE_STANDARD = gnu11;
				GCC_DYNAMIC_NO_PIC = NO;
				GCC_NO_COMMON_BLOCKS = YES;
				GCC_OPTIMIZATION_LEVEL = 0;
				GCC_PREPROCESSOR_DEFINITIONS = (
					"DEBUG=1",
					"$(inherited)",
				);
				GCC_WARN_64_TO_32_BIT_CONVERSION = YES;
				GCC_WARN_ABOUT_RETURN_TYPE = YES_ERROR;
				GCC_WARN_UNDECLARED_SELECTOR = YES;
				GCC_WARN_UNINITIALIZED_AUTOS = YES_AGGRESSIVE;
				GCC_WARN_UNUSED_FUNCTION = YES;
				GCC_WARN_UNUSED_VARIABLE = YES;
				IPHONEOS_DEPLOYMENT_TARGET = 16.2;
				MTL_ENABLE_DEBUG_INFO = INCLUDE_SOURCE;
				MTL_FAST_MATH = YES;
				ONLY_ACTIVE_ARCH = YES;
				SDKROOT = iphoneos;
				SWIFT_ACTIVE_COMPILATION_CONDITIONS = DEBUG;
				SWIFT_OPTIMIZATION_LEVEL = "-Onone";
			};
			name = Debug;
		};
		1A44054629B157C300E0F1CE /* Release */ = {
			isa = XCBuildConfiguration;
			buildSettings = {
				ALWAYS_SEARCH_USER_PATHS = NO;
				CLANG_ANALYZER_NONNULL = YES;
				CLANG_ANALYZER_NUMBER_OBJECT_CONVERSION = YES_AGGRESSIVE;
				CLANG_CXX_LANGUAGE_STANDARD = "gnu++20";
				CLANG_ENABLE_MODULES = YES;
				CLANG_ENABLE_OBJC_ARC = YES;
				CLANG_ENABLE_OBJC_WEAK = YES;
				CLANG_WARN_BLOCK_CAPTURE_AUTORELEASING = YES;
				CLANG_WARN_BOOL_CONVERSION = YES;
				CLANG_WARN_COMMA = YES;
				CLANG_WARN_CONSTANT_CONVERSION = YES;
				CLANG_WARN_DEPRECATED_OBJC_IMPLEMENTATIONS = YES;
				CLANG_WARN_DIRECT_OBJC_ISA_USAGE = YES_ERROR;
				CLANG_WARN_DOCUMENTATION_COMMENTS = YES;
				CLANG_WARN_EMPTY_BODY = YES;
				CLANG_WARN_ENUM_CONVERSION = YES;
				CLANG_WARN_INFINITE_RECURSION = YES;
				CLANG_WARN_INT_CONVERSION = YES;
				CLANG_WARN_NON_LITERAL_NULL_CONVERSION = YES;
				CLANG_WARN_OBJC_IMPLICIT_RETAIN_SELF = YES;
				CLANG_WARN_OBJC_LITERAL_CONVERSION = YES;
				CLANG_WARN_OBJC_ROOT_CLASS = YES_ERROR;
				CLANG_WARN_QUOTED_INCLUDE_IN_FRAMEWORK_HEADER = YES;
				CLANG_WARN_RANGE_LOOP_ANALYSIS = YES;
				CLANG_WARN_STRICT_PROTOTYPES = YES;
				CLANG_WARN_SUSPICIOUS_MOVE = YES;
				CLANG_WARN_UNGUARDED_AVAILABILITY = YES_AGGRESSIVE;
				CLANG_WARN_UNREACHABLE_CODE = YES;
				CLANG_WARN__DUPLICATE_METHOD_MATCH = YES;
				COPY_PHASE_STRIP = NO;
				DEBUG_INFORMATION_FORMAT = "dwarf-with-dsym";
				ENABLE_NS_ASSERTIONS = NO;
				ENABLE_STRICT_OBJC_MSGSEND = YES;
				GCC_C_LANGUAGE_STANDARD = gnu11;
				GCC_NO_COMMON_BLOCKS = YES;
				GCC_WARN_64_TO_32_BIT_CONVERSION = YES;
				GCC_WARN_ABOUT_RETURN_TYPE = YES_ERROR;
				GCC_WARN_UNDECLARED_SELECTOR = YES;
				GCC_WARN_UNINITIALIZED_AUTOS = YES_AGGRESSIVE;
				GCC_WARN_UNUSED_FUNCTION = YES;
				GCC_WARN_UNUSED_VARIABLE = YES;
				IPHONEOS_DEPLOYMENT_TARGET = 16.2;
				MTL_ENABLE_DEBUG_INFO = NO;
				MTL_FAST_MATH = YES;
				SDKROOT = iphoneos;
				SWIFT_COMPILATION_MODE = wholemodule;
				SWIFT_OPTIMIZATION_LEVEL = "-O";
				VALIDATE_PRODUCT = YES;
			};
			name = Release;
		};
		1A44054829B157C300E0F1CE /* Debug */ = {
			isa = XCBuildConfiguration;
			buildSettings = {
				ASSETCATALOG_COMPILER_APPICON_NAME = AppIcon;
				ASSETCATALOG_COMPILER_GLOBAL_ACCENT_COLOR_NAME = AccentColor;
				CODE_SIGN_STYLE = Automatic;
				CURRENT_PROJECT_VERSION = 1;
				DEVELOPMENT_ASSET_PATHS = "\"open-news/Preview Content\"";
				ENABLE_PREVIEWS = YES;
				GENERATE_INFOPLIST_FILE = YES;
				INFOPLIST_KEY_UIApplicationSceneManifest_Generation = YES;
				INFOPLIST_KEY_UIApplicationSupportsIndirectInputEvents = YES;
				INFOPLIST_KEY_UILaunchScreen_Generation = YES;
				INFOPLIST_KEY_UISupportedInterfaceOrientations_iPad = "UIInterfaceOrientationPortrait UIInterfaceOrientationPortraitUpsideDown UIInterfaceOrientationLandscapeLeft UIInterfaceOrientationLandscapeRight";
				INFOPLIST_KEY_UISupportedInterfaceOrientations_iPhone = "UIInterfaceOrientationPortrait UIInterfaceOrientationLandscapeLeft UIInterfaceOrientationLandscapeRight";
				LD_RUNPATH_SEARCH_PATHS = (
					"$(inherited)",
					"@executable_path/Frameworks",
				);
				MARKETING_VERSION = 1.0;
				PRODUCT_BUNDLE_IDENTIFIER = "edu.duke.ak556.open-news";
				PRODUCT_NAME = "$(TARGET_NAME)";
				SWIFT_EMIT_LOC_STRINGS = YES;
				SWIFT_VERSION = 5.0;
				TARGETED_DEVICE_FAMILY = "1,2";
			};
			name = Debug;
		};
		1A44054929B157C300E0F1CE /* Release */ = {
			isa = XCBuildConfiguration;
			buildSettings = {
				ASSETCATALOG_COMPILER_APPICON_NAME = AppIcon;
				ASSETCATALOG_COMPILER_GLOBAL_ACCENT_COLOR_NAME = AccentColor;
				CODE_SIGN_STYLE = Automatic;
				CURRENT_PROJECT_VERSION = 1;
				DEVELOPMENT_ASSET_PATHS = "\"open-news/Preview Content\"";
				ENABLE_PREVIEWS = YES;
				GENERATE_INFOPLIST_FILE = YES;
				INFOPLIST_KEY_UIApplicationSceneManifest_Generation = YES;
				INFOPLIST_KEY_UIApplicationSupportsIndirectInputEvents = YES;
				INFOPLIST_KEY_UILaunchScreen_Generation = YES;
				INFOPLIST_KEY_UISupportedInterfaceOrientations_iPad = "UIInterfaceOrientationPortrait UIInterfaceOrientationPortraitUpsideDown UIInterfaceOrientationLandscapeLeft UIInterfaceOrientationLandscapeRight";
				INFOPLIST_KEY_UISupportedInterfaceOrientations_iPhone = "UIInterfaceOrientationPortrait UIInterfaceOrientationLandscapeLeft UIInterfaceOrientationLandscapeRight";
				LD_RUNPATH_SEARCH_PATHS = (
					"$(inherited)",
					"@executable_path/Frameworks",
				);
				MARKETING_VERSION = 1.0;
				PRODUCT_BUNDLE_IDENTIFIER = "edu.duke.ak556.open-news";
				PRODUCT_NAME = "$(TARGET_NAME)";
				SWIFT_EMIT_LOC_STRINGS = YES;
				SWIFT_VERSION = 5.0;
				TARGETED_DEVICE_FAMILY = "1,2";
			};
			name = Release;
		};
/* End XCBuildConfiguration section */

/* Begin XCConfigurationList section */
		1A44053429B157C100E0F1CE /* Build configuration list for PBXProject "open-news" */ = {
			isa = XCConfigurationList;
			buildConfigurations = (
				1A44054529B157C300E0F1CE /* Debug */,
				1A44054629B157C300E0F1CE /* Release */,
			);
			defaultConfigurationIsVisible = 0;
			defaultConfigurationName = Release;
		};
		1A44054729B157C300E0F1CE /* Build configuration list for PBXNativeTarget "open-news" */ = {
			isa = XCConfigurationList;
			buildConfigurations = (
				1A44054829B157C300E0F1CE /* Debug */,
				1A44054929B157C300E0F1CE /* Release */,
			);
			defaultConfigurationIsVisible = 0;
			defaultConfigurationName = Release;
		};
/* End XCConfigurationList section */
	};
	rootObject = 1A44053129B157C100E0F1CE /* Project object */;
}
